// !$*UTF8*$!
{
	archiveVersion = 1;
	classes = {
	};
	objectVersion = 46;
	objects = {

/* Begin PBXBuildFile section */
		C918DD851B9DE82C009E812E /* stations.csv in Resources */ = {isa = PBXBuildFile; fileRef = C918DD841B9DE82C009E812E /* stations.csv */; };
		C9AB5C9C1B9DF2A500D9A428 /* PickerDelegate.m in Sources */ = {isa = PBXBuildFile; fileRef = C9AB5C9B1B9DF2A500D9A428 /* PickerDelegate.m */; };
		C9AB5C9F1B9E4DB200D9A428 /* TableViewController.m in Sources */ = {isa = PBXBuildFile; fileRef = C9AB5C9E1B9E4DB200D9A428 /* TableViewController.m */; };
		C9F440381B9CA99C007AADE1 /* main.m in Sources */ = {isa = PBXBuildFile; fileRef = C9F440371B9CA99C007AADE1 /* main.m */; };
		C9F4403B1B9CA99C007AADE1 /* AppDelegate.m in Sources */ = {isa = PBXBuildFile; fileRef = C9F4403A1B9CA99C007AADE1 /* AppDelegate.m */; };
		C9F4403E1B9CA99C007AADE1 /* TrainViewController.m in Sources */ = {isa = PBXBuildFile; fileRef = C9F4403D1B9CA99C007AADE1 /* TrainViewController.m */; };
		C9F440411B9CA99C007AADE1 /* MapViewController.m in Sources */ = {isa = PBXBuildFile; fileRef = C9F440401B9CA99C007AADE1 /* MapViewController.m */; };
		C9F440441B9CA99C007AADE1 /* Main.storyboard in Resources */ = {isa = PBXBuildFile; fileRef = C9F440421B9CA99C007AADE1 /* Main.storyboard */; };
		C9F440461B9CA99C007AADE1 /* Images.xcassets in Resources */ = {isa = PBXBuildFile; fileRef = C9F440451B9CA99C007AADE1 /* Images.xcassets */; };
		C9F440491B9CA99C007AADE1 /* LaunchScreen.xib in Resources */ = {isa = PBXBuildFile; fileRef = C9F440471B9CA99C007AADE1 /* LaunchScreen.xib */; };
		C9F440551B9CA99C007AADE1 /* SeptaTrackerIosTests.m in Sources */ = {isa = PBXBuildFile; fileRef = C9F440541B9CA99C007AADE1 /* SeptaTrackerIosTests.m */; };
		C9F4405F1B9CB9D5007AADE1 /* MapKit.framework in Frameworks */ = {isa = PBXBuildFile; fileRef = C9F4405E1B9CB9D5007AADE1 /* MapKit.framework */; };
		C9F440611B9CBC36007AADE1 /* CoreLocation.framework in Frameworks */ = {isa = PBXBuildFile; fileRef = C9F440601B9CBC36007AADE1 /* CoreLocation.framework */; };
/* End PBXBuildFile section */

/* Begin PBXContainerItemProxy section */
		C9F4404F1B9CA99C007AADE1 /* PBXContainerItemProxy */ = {
			isa = PBXContainerItemProxy;
			containerPortal = C9F4402A1B9CA99C007AADE1 /* Project object */;
			proxyType = 1;
			remoteGlobalIDString = C9F440311B9CA99C007AADE1;
			remoteInfo = SeptaTrackerIos;
		};
/* End PBXContainerItemProxy section */

/* Begin PBXFileReference section */
		C918DD841B9DE82C009E812E /* stations.csv */ = {isa = PBXFileReference; fileEncoding = 4; lastKnownFileType = text; name = stations.csv; path = SeptaTrackerIosTests/stations.csv; sourceTree = SOURCE_ROOT; };
		C9AB5C9A1B9DF2A500D9A428 /* PickerDelegate.h */ = {isa = PBXFileReference; fileEncoding = 4; lastKnownFileType = sourcecode.c.h; path = PickerDelegate.h; sourceTree = "<group>"; };
		C9AB5C9B1B9DF2A500D9A428 /* PickerDelegate.m */ = {isa = PBXFileReference; fileEncoding = 4; lastKnownFileType = sourcecode.c.objc; path = PickerDelegate.m; sourceTree = "<group>"; };
		C9AB5C9D1B9E4DB200D9A428 /* TableViewController.h */ = {isa = PBXFileReference; fileEncoding = 4; lastKnownFileType = sourcecode.c.h; path = TableViewController.h; sourceTree = "<group>"; };
		C9AB5C9E1B9E4DB200D9A428 /* TableViewController.m */ = {isa = PBXFileReference; fileEncoding = 4; lastKnownFileType = sourcecode.c.objc; path = TableViewController.m; sourceTree = "<group>"; };
		C9F440321B9CA99C007AADE1 /* SeptaTrackerIos.app */ = {isa = PBXFileReference; explicitFileType = wrapper.application; includeInIndex = 0; path = SeptaTrackerIos.app; sourceTree = BUILT_PRODUCTS_DIR; };
		C9F440361B9CA99C007AADE1 /* Info.plist */ = {isa = PBXFileReference; lastKnownFileType = text.plist.xml; path = Info.plist; sourceTree = "<group>"; };
		C9F440371B9CA99C007AADE1 /* main.m */ = {isa = PBXFileReference; lastKnownFileType = sourcecode.c.objc; path = main.m; sourceTree = "<group>"; };
		C9F440391B9CA99C007AADE1 /* AppDelegate.h */ = {isa = PBXFileReference; lastKnownFileType = sourcecode.c.h; path = AppDelegate.h; sourceTree = "<group>"; };
		C9F4403A1B9CA99C007AADE1 /* AppDelegate.m */ = {isa = PBXFileReference; lastKnownFileType = sourcecode.c.objc; path = AppDelegate.m; sourceTree = "<group>"; };
		C9F4403C1B9CA99C007AADE1 /* TrainViewController.h */ = {isa = PBXFileReference; lastKnownFileType = sourcecode.c.h; path = TrainViewController.h; sourceTree = "<group>"; };
		C9F4403D1B9CA99C007AADE1 /* TrainViewController.m */ = {isa = PBXFileReference; lastKnownFileType = sourcecode.c.objc; path = TrainViewController.m; sourceTree = "<group>"; };
		C9F4403F1B9CA99C007AADE1 /* MapViewController.h */ = {isa = PBXFileReference; lastKnownFileType = sourcecode.c.h; path = MapViewController.h; sourceTree = "<group>"; };
		C9F440401B9CA99C007AADE1 /* MapViewController.m */ = {isa = PBXFileReference; lastKnownFileType = sourcecode.c.objc; path = MapViewController.m; sourceTree = "<group>"; };
		C9F440431B9CA99C007AADE1 /* Base */ = {isa = PBXFileReference; lastKnownFileType = file.storyboard; name = Base; path = Base.lproj/Main.storyboard; sourceTree = "<group>"; };
		C9F440451B9CA99C007AADE1 /* Images.xcassets */ = {isa = PBXFileReference; lastKnownFileType = folder.assetcatalog; path = Images.xcassets; sourceTree = "<group>"; };
		C9F440481B9CA99C007AADE1 /* Base */ = {isa = PBXFileReference; lastKnownFileType = file.xib; name = Base; path = Base.lproj/LaunchScreen.xib; sourceTree = "<group>"; };
		C9F4404E1B9CA99C007AADE1 /* SeptaTrackerIosTests.xctest */ = {isa = PBXFileReference; explicitFileType = wrapper.cfbundle; includeInIndex = 0; path = SeptaTrackerIosTests.xctest; sourceTree = BUILT_PRODUCTS_DIR; };
		C9F440531B9CA99C007AADE1 /* Info.plist */ = {isa = PBXFileReference; lastKnownFileType = text.plist.xml; path = Info.plist; sourceTree = "<group>"; };
		C9F440541B9CA99C007AADE1 /* SeptaTrackerIosTests.m */ = {isa = PBXFileReference; lastKnownFileType = sourcecode.c.objc; path = SeptaTrackerIosTests.m; sourceTree = "<group>"; };
		C9F4405E1B9CB9D5007AADE1 /* MapKit.framework */ = {isa = PBXFileReference; lastKnownFileType = wrapper.framework; name = MapKit.framework; path = System/Library/Frameworks/MapKit.framework; sourceTree = SDKROOT; };
		C9F440601B9CBC36007AADE1 /* CoreLocation.framework */ = {isa = PBXFileReference; lastKnownFileType = wrapper.framework; name = CoreLocation.framework; path = System/Library/Frameworks/CoreLocation.framework; sourceTree = SDKROOT; };
/* End PBXFileReference section */

/* Begin PBXFrameworksBuildPhase section */
		C9F4402F1B9CA99C007AADE1 /* Frameworks */ = {
			isa = PBXFrameworksBuildPhase;
			buildActionMask = 2147483647;
			files = (
				C9F440611B9CBC36007AADE1 /* CoreLocation.framework in Frameworks */,
				C9F4405F1B9CB9D5007AADE1 /* MapKit.framework in Frameworks */,
			);
			runOnlyForDeploymentPostprocessing = 0;
		};
		C9F4404B1B9CA99C007AADE1 /* Frameworks */ = {
			isa = PBXFrameworksBuildPhase;
			buildActionMask = 2147483647;
			files = (
			);
			runOnlyForDeploymentPostprocessing = 0;
		};
/* End PBXFrameworksBuildPhase section */

/* Begin PBXGroup section */
		C9AB5CA01B9E5DF500D9A428 /* Delegates */ = {
			isa = PBXGroup;
			children = (
				C9AB5CA31B9E5E3900D9A428 /* Headers */,
				C9F4403A1B9CA99C007AADE1 /* AppDelegate.m */,
				C9AB5C9B1B9DF2A500D9A428 /* PickerDelegate.m */,
			);
			name = Delegates;
			sourceTree = "<group>";
		};
		C9AB5CA11B9E5E1A00D9A428 /* Controllers */ = {
			isa = PBXGroup;
			children = (
				C9AB5CA21B9E5E2900D9A428 /* Headers */,
				C9F4403D1B9CA99C007AADE1 /* TrainViewController.m */,
				C9AB5C9E1B9E4DB200D9A428 /* TableViewController.m */,
				C9F440401B9CA99C007AADE1 /* MapViewController.m */,
			);
			name = Controllers;
			sourceTree = "<group>";
		};
		C9AB5CA21B9E5E2900D9A428 /* Headers */ = {
			isa = PBXGroup;
			children = (
				C9F4403C1B9CA99C007AADE1 /* TrainViewController.h */,
				C9AB5C9D1B9E4DB200D9A428 /* TableViewController.h */,
				C9F4403F1B9CA99C007AADE1 /* MapViewController.h */,
			);
			name = Headers;
			sourceTree = "<group>";
		};
		C9AB5CA31B9E5E3900D9A428 /* Headers */ = {
			isa = PBXGroup;
			children = (
				C9F440391B9CA99C007AADE1 /* AppDelegate.h */,
				C9AB5C9A1B9DF2A500D9A428 /* PickerDelegate.h */,
			);
			name = Headers;
			sourceTree = "<group>";
		};
		C9F440291B9CA99C007AADE1 = {
			isa = PBXGroup;
			children = (
				C9F440601B9CBC36007AADE1 /* CoreLocation.framework */,
				C9F4405E1B9CB9D5007AADE1 /* MapKit.framework */,
				C9F440341B9CA99C007AADE1 /* SeptaTrackerIos */,
				C9F440511B9CA99C007AADE1 /* SeptaTrackerIosTests */,
				C9F440331B9CA99C007AADE1 /* Products */,
			);
			sourceTree = "<group>";
		};
		C9F440331B9CA99C007AADE1 /* Products */ = {
			isa = PBXGroup;
			children = (
				C9F440321B9CA99C007AADE1 /* SeptaTrackerIos.app */,
				C9F4404E1B9CA99C007AADE1 /* SeptaTrackerIosTests.xctest */,
			);
			name = Products;
			sourceTree = "<group>";
		};
		C9F440341B9CA99C007AADE1 /* SeptaTrackerIos */ = {
			isa = PBXGroup;
			children = (
				C9AB5CA01B9E5DF500D9A428 /* Delegates */,
				C9AB5CA11B9E5E1A00D9A428 /* Controllers */,
				C9F440421B9CA99C007AADE1 /* Main.storyboard */,
				C9F440451B9CA99C007AADE1 /* Images.xcassets */,
				C9F440471B9CA99C007AADE1 /* LaunchScreen.xib */,
				C9F440351B9CA99C007AADE1 /* Supporting Files */,
			);
			path = SeptaTrackerIos;
			sourceTree = "<group>";
		};
		C9F440351B9CA99C007AADE1 /* Supporting Files */ = {
			isa = PBXGroup;
			children = (
				C918DD841B9DE82C009E812E /* stations.csv */,
				C9F440361B9CA99C007AADE1 /* Info.plist */,
				C9F440371B9CA99C007AADE1 /* main.m */,
			);
			name = "Supporting Files";
			sourceTree = "<group>";
		};
		C9F440511B9CA99C007AADE1 /* SeptaTrackerIosTests */ = {
			isa = PBXGroup;
			children = (
				C9F440541B9CA99C007AADE1 /* SeptaTrackerIosTests.m */,
				C9F440521B9CA99C007AADE1 /* Supporting Files */,
			);
			path = SeptaTrackerIosTests;
			sourceTree = "<group>";
		};
		C9F440521B9CA99C007AADE1 /* Supporting Files */ = {
			isa = PBXGroup;
			children = (
				C9F440531B9CA99C007AADE1 /* Info.plist */,
			);
			name = "Supporting Files";
			sourceTree = "<group>";
		};
/* End PBXGroup section */

/* Begin PBXNativeTarget section */
		C9F440311B9CA99C007AADE1 /* SeptaTrackerIos */ = {
			isa = PBXNativeTarget;
			buildConfigurationList = C9F440581B9CA99C007AADE1 /* Build configuration list for PBXNativeTarget "SeptaTrackerIos" */;
			buildPhases = (
				C9F4402E1B9CA99C007AADE1 /* Sources */,
				C9F4402F1B9CA99C007AADE1 /* Frameworks */,
				C9F440301B9CA99C007AADE1 /* Resources */,
			);
			buildRules = (
			);
			dependencies = (
			);
			name = SeptaTrackerIos;
			productName = SeptaTrackerIos;
			productReference = C9F440321B9CA99C007AADE1 /* SeptaTrackerIos.app */;
			productType = "com.apple.product-type.application";
		};
		C9F4404D1B9CA99C007AADE1 /* SeptaTrackerIosTests */ = {
			isa = PBXNativeTarget;
			buildConfigurationList = C9F4405B1B9CA99C007AADE1 /* Build configuration list for PBXNativeTarget "SeptaTrackerIosTests" */;
			buildPhases = (
				C9F4404A1B9CA99C007AADE1 /* Sources */,
				C9F4404B1B9CA99C007AADE1 /* Frameworks */,
				C9F4404C1B9CA99C007AADE1 /* Resources */,
			);
			buildRules = (
			);
			dependencies = (
				C9F440501B9CA99C007AADE1 /* PBXTargetDependency */,
			);
			name = SeptaTrackerIosTests;
			productName = SeptaTrackerIosTests;
			productReference = C9F4404E1B9CA99C007AADE1 /* SeptaTrackerIosTests.xctest */;
			productType = "com.apple.product-type.bundle.unit-test";
		};
/* End PBXNativeTarget section */

/* Begin PBXProject section */
		C9F4402A1B9CA99C007AADE1 /* Project object */ = {
			isa = PBXProject;
			attributes = {
				LastUpgradeCheck = 0640;
				ORGANIZATIONNAME = derp;
				TargetAttributes = {
					C9F440311B9CA99C007AADE1 = {
						CreatedOnToolsVersion = 6.4;
						DevelopmentTeam = CC36SW7FA3;
					};
					C9F4404D1B9CA99C007AADE1 = {
						CreatedOnToolsVersion = 6.4;
						TestTargetID = C9F440311B9CA99C007AADE1;
					};
				};
			};
			buildConfigurationList = C9F4402D1B9CA99C007AADE1 /* Build configuration list for PBXProject "SeptaTrackerIos" */;
			compatibilityVersion = "Xcode 3.2";
			developmentRegion = English;
			hasScannedForEncodings = 0;
			knownRegions = (
				en,
				Base,
			);
			mainGroup = C9F440291B9CA99C007AADE1;
			productRefGroup = C9F440331B9CA99C007AADE1 /* Products */;
			projectDirPath = "";
			projectRoot = "";
			targets = (
				C9F440311B9CA99C007AADE1 /* SeptaTrackerIos */,
				C9F4404D1B9CA99C007AADE1 /* SeptaTrackerIosTests */,
			);
		};
/* End PBXProject section */

/* Begin PBXResourcesBuildPhase section */
		C9F440301B9CA99C007AADE1 /* Resources */ = {
			isa = PBXResourcesBuildPhase;
			buildActionMask = 2147483647;
			files = (
				C9F440441B9CA99C007AADE1 /* Main.storyboard in Resources */,
				C9F440491B9CA99C007AADE1 /* LaunchScreen.xib in Resources */,
				C9F440461B9CA99C007AADE1 /* Images.xcassets in Resources */,
				C918DD851B9DE82C009E812E /* stations.csv in Resources */,
			);
			runOnlyForDeploymentPostprocessing = 0;
		};
		C9F4404C1B9CA99C007AADE1 /* Resources */ = {
			isa = PBXResourcesBuildPhase;
			buildActionMask = 2147483647;
			files = (
			);
			runOnlyForDeploymentPostprocessing = 0;
		};
/* End PBXResourcesBuildPhase section */

/* Begin PBXSourcesBuildPhase section */
		C9F4402E1B9CA99C007AADE1 /* Sources */ = {
			isa = PBXSourcesBuildPhase;
			buildActionMask = 2147483647;
			files = (
				C9F440411B9CA99C007AADE1 /* MapViewController.m in Sources */,
				C9AB5C9F1B9E4DB200D9A428 /* TableViewController.m in Sources */,
				C9AB5C9C1B9DF2A500D9A428 /* PickerDelegate.m in Sources */,
				C9F4403B1B9CA99C007AADE1 /* AppDelegate.m in Sources */,
				C9F4403E1B9CA99C007AADE1 /* TrainViewController.m in Sources */,
				C9F440381B9CA99C007AADE1 /* main.m in Sources */,
			);
			runOnlyForDeploymentPostprocessing = 0;
		};
		C9F4404A1B9CA99C007AADE1 /* Sources */ = {
			isa = PBXSourcesBuildPhase;
			buildActionMask = 2147483647;
			files = (
				C9F440551B9CA99C007AADE1 /* SeptaTrackerIosTests.m in Sources */,
			);
			runOnlyForDeploymentPostprocessing = 0;
		};
/* End PBXSourcesBuildPhase section */

/* Begin PBXTargetDependency section */
		C9F440501B9CA99C007AADE1 /* PBXTargetDependency */ = {
			isa = PBXTargetDependency;
			target = C9F440311B9CA99C007AADE1 /* SeptaTrackerIos */;
			targetProxy = C9F4404F1B9CA99C007AADE1 /* PBXContainerItemProxy */;
		};
/* End PBXTargetDependency section */

/* Begin PBXVariantGroup section */
		C9F440421B9CA99C007AADE1 /* Main.storyboard */ = {
			isa = PBXVariantGroup;
			children = (
				C9F440431B9CA99C007AADE1 /* Base */,
			);
			name = Main.storyboard;
			sourceTree = "<group>";
		};
		C9F440471B9CA99C007AADE1 /* LaunchScreen.xib */ = {
			isa = PBXVariantGroup;
			children = (
				C9F440481B9CA99C007AADE1 /* Base */,
			);
			name = LaunchScreen.xib;
			sourceTree = "<group>";
		};
/* End PBXVariantGroup section */

/* Begin XCBuildConfiguration section */
		C9F440561B9CA99C007AADE1 /* Debug */ = {
			isa = XCBuildConfiguration;
			buildSettings = {
				ALWAYS_SEARCH_USER_PATHS = NO;
				CLANG_CXX_LANGUAGE_STANDARD = "gnu++0x";
				CLANG_CXX_LIBRARY = "libc++";
				CLANG_ENABLE_MODULES = YES;
				CLANG_ENABLE_OBJC_ARC = YES;
				CLANG_WARN_BOOL_CONVERSION = YES;
				CLANG_WARN_CONSTANT_CONVERSION = YES;
				CLANG_WARN_DIRECT_OBJC_ISA_USAGE = YES_ERROR;
				CLANG_WARN_EMPTY_BODY = YES;
				CLANG_WARN_ENUM_CONVERSION = YES;
				CLANG_WARN_INT_CONVERSION = YES;
				CLANG_WARN_OBJC_ROOT_CLASS = YES_ERROR;
				CLANG_WARN_UNREACHABLE_CODE = YES;
				CLANG_WARN__DUPLICATE_METHOD_MATCH = YES;
				"CODE_SIGN_IDENTITY[sdk=iphoneos*]" = "iPhone Developer";
				COPY_PHASE_STRIP = NO;
				DEBUG_INFORMATION_FORMAT = "dwarf-with-dsym";
				ENABLE_STRICT_OBJC_MSGSEND = YES;
				GCC_C_LANGUAGE_STANDARD = gnu99;
				GCC_DYNAMIC_NO_PIC = NO;
				GCC_NO_COMMON_BLOCKS = YES;
				GCC_OPTIMIZATION_LEVEL = 0;
				GCC_PREPROCESSOR_DEFINITIONS = (
					"DEBUG=1",
					"$(inherited)",
				);
				GCC_SYMBOLS_PRIVATE_EXTERN = NO;
				GCC_WARN_64_TO_32_BIT_CONVERSION = YES;
				GCC_WARN_ABOUT_RETURN_TYPE = YES_ERROR;
				GCC_WARN_UNDECLARED_SELECTOR = YES;
				GCC_WARN_UNINITIALIZED_AUTOS = YES_AGGRESSIVE;
				GCC_WARN_UNUSED_FUNCTION = YES;
				GCC_WARN_UNUSED_VARIABLE = YES;
				IPHONEOS_DEPLOYMENT_TARGET = 8.4;
				MTL_ENABLE_DEBUG_INFO = YES;
				ONLY_ACTIVE_ARCH = YES;
				SDKROOT = iphoneos;
			};
			name = Debug;
		};
		C9F440571B9CA99C007AADE1 /* Release */ = {
			isa = XCBuildConfiguration;
			buildSettings = {
				ALWAYS_SEARCH_USER_PATHS = NO;
				CLANG_CXX_LANGUAGE_STANDARD = "gnu++0x";
				CLANG_CXX_LIBRARY = "libc++";
				CLANG_ENABLE_MODULES = YES;
				CLANG_ENABLE_OBJC_ARC = YES;
				CLANG_WARN_BOOL_CONVERSION = YES;
				CLANG_WARN_CONSTANT_CONVERSION = YES;
				CLANG_WARN_DIRECT_OBJC_ISA_USAGE = YES_ERROR;
				CLANG_WARN_EMPTY_BODY = YES;
				CLANG_WARN_ENUM_CONVERSION = YES;
				CLANG_WARN_INT_CONVERSION = YES;
				CLANG_WARN_OBJC_ROOT_CLASS = YES_ERROR;
				CLANG_WARN_UNREACHABLE_CODE = YES;
				CLANG_WARN__DUPLICATE_METHOD_MATCH = YES;
				"CODE_SIGN_IDENTITY[sdk=iphoneos*]" = "iPhone Developer";
				COPY_PHASE_STRIP = NO;
				DEBUG_INFORMATION_FORMAT = "dwarf-with-dsym";
				ENABLE_NS_ASSERTIONS = NO;
				ENABLE_STRICT_OBJC_MSGSEND = YES;
				GCC_C_LANGUAGE_STANDARD = gnu99;
				GCC_NO_COMMON_BLOCKS = YES;
				GCC_WARN_64_TO_32_BIT_CONVERSION = YES;
				GCC_WARN_ABOUT_RETURN_TYPE = YES_ERROR;
				GCC_WARN_UNDECLARED_SELECTOR = YES;
				GCC_WARN_UNINITIALIZED_AUTOS = YES_AGGRESSIVE;
				GCC_WARN_UNUSED_FUNCTION = YES;
				GCC_WARN_UNUSED_VARIABLE = YES;
				IPHONEOS_DEPLOYMENT_TARGET = 8.4;
				MTL_ENABLE_DEBUG_INFO = NO;
				SDKROOT = iphoneos;
				VALIDATE_PRODUCT = YES;
			};
			name = Release;
		};
		C9F440591B9CA99C007AADE1 /* Debug */ = {
			isa = XCBuildConfiguration;
			buildSettings = {
				ASSETCATALOG_COMPILER_APPICON_NAME = AppIcon;
				CODE_SIGN_IDENTITY = "iPhone Developer";
				"CODE_SIGN_IDENTITY[sdk=iphoneos*]" = "iPhone Developer";
				INFOPLIST_FILE = SeptaTrackerIos/Info.plist;
				LD_RUNPATH_SEARCH_PATHS = "$(inherited) @executable_path/Frameworks";
				PRODUCT_NAME = "$(TARGET_NAME)";
				PROVISIONING_PROFILE = "";
			};
			name = Debug;
		};
		C9F4405A1B9CA99C007AADE1 /* Release */ = {
			isa = XCBuildConfiguration;
			buildSettings = {
				ASSETCATALOG_COMPILER_APPICON_NAME = AppIcon;
				CODE_SIGN_IDENTITY = "iPhone Developer";
				"CODE_SIGN_IDENTITY[sdk=iphoneos*]" = "iPhone Developer";
				INFOPLIST_FILE = SeptaTrackerIos/Info.plist;
				LD_RUNPATH_SEARCH_PATHS = "$(inherited) @executable_path/Frameworks";
				PRODUCT_NAME = "$(TARGET_NAME)";
				PROVISIONING_PROFILE = "";
			};
			name = Release;
		};
		C9F4405C1B9CA99C007AADE1 /* Debug */ = {
			isa = XCBuildConfiguration;
			buildSettings = {
				BUNDLE_LOADER = "$(TEST_HOST)";
				FRAMEWORK_SEARCH_PATHS = (
					"$(SDKROOT)/Developer/Library/Frameworks",
					"$(inherited)",
				);
				GCC_PREPROCESSOR_DEFINITIONS = (
					"DEBUG=1",
					"$(inherited)",
				);
				INFOPLIST_FILE = SeptaTrackerIosTests/Info.plist;
				LD_RUNPATH_SEARCH_PATHS = "$(inherited) @executable_path/Frameworks @loader_path/Frameworks";
				PRODUCT_NAME = "$(TARGET_NAME)";
				TEST_HOST = "$(BUILT_PRODUCTS_DIR)/SeptaTrackerIos.app/SeptaTrackerIos";
			};
			name = Debug;
		};
		C9F4405D1B9CA99C007AADE1 /* Release */ = {
			isa = XCBuildConfiguration;
			buildSettings = {
				BUNDLE_LOADER = "$(TEST_HOST)";
				FRAMEWORK_SEARCH_PATHS = (
					"$(SDKROOT)/Developer/Library/Frameworks",
					"$(inherited)",
				);
				INFOPLIST_FILE = SeptaTrackerIosTests/Info.plist;
				LD_RUNPATH_SEARCH_PATHS = "$(inherited) @executable_path/Frameworks @loader_path/Frameworks";
				PRODUCT_NAME = "$(TARGET_NAME)";
				TEST_HOST = "$(BUILT_PRODUCTS_DIR)/SeptaTrackerIos.app/SeptaTrackerIos";
			};
			name = Release;
		};
/* End XCBuildConfiguration section */

/* Begin XCConfigurationList section */
		C9F4402D1B9CA99C007AADE1 /* Build configuration list for PBXProject "SeptaTrackerIos" */ = {
			isa = XCConfigurationList;
			buildConfigurations = (
				C9F440561B9CA99C007AADE1 /* Debug */,
				C9F440571B9CA99C007AADE1 /* Release */,
			);
			defaultConfigurationIsVisible = 0;
			defaultConfigurationName = Release;
		};
		C9F440581B9CA99C007AADE1 /* Build configuration list for PBXNativeTarget "SeptaTrackerIos" */ = {
			isa = XCConfigurationList;
			buildConfigurations = (
				C9F440591B9CA99C007AADE1 /* Debug */,
				C9F4405A1B9CA99C007AADE1 /* Release */,
			);
			defaultConfigurationIsVisible = 0;
			defaultConfigurationName = Release;
		};
		C9F4405B1B9CA99C007AADE1 /* Build configuration list for PBXNativeTarget "SeptaTrackerIosTests" */ = {
			isa = XCConfigurationList;
			buildConfigurations = (
				C9F4405C1B9CA99C007AADE1 /* Debug */,
				C9F4405D1B9CA99C007AADE1 /* Release */,
			);
			defaultConfigurationIsVisible = 0;
			defaultConfigurationName = Release;
		};
/* End XCConfigurationList section */
	};
	rootObject = C9F4402A1B9CA99C007AADE1 /* Project object */;
}
